
Microsoft Visual Studio Solution File, Format Version 12.00
# Visual Studio Version 17
VisualStudioVersion = 17.2.32505.173
MinimumVisualStudioVersion = 10.0.40219.1
Project("{FAE04EC0-301F-11D3-BF4B-00C04F79EFBC}") = "linqAssignment", "linqAssignment\linqAssignment.csproj", "{10F3A708-92D6-401F-95AF-3EE2A2CBDBBA}"
EndProject
Global
	GlobalSection(SolutionConfigurationPlatforms) = preSolution
		Debug|Any CPU = Debug|Any CPU
		Release|Any CPU = Release|Any CPU
	EndGlobalSection
	GlobalSection(ProjectConfigurationPlatforms) = postSolution
		{10F3A708-92D6-401F-95AF-3EE2A2CBDBBA}.Debug|Any CPU.ActiveCfg = Debug|Any CPU
		{10F3A708-92D6-401F-95AF-3EE2A2CBDBBA}.Debug|Any CPU.Build.0 = Debug|Any CPU
		{10F3A708-92D6-401F-95AF-3EE2A2CBDBBA}.Release|Any CPU.ActiveCfg = Release|Any CPU
		{10F3A708-92D6-401F-95AF-3EE2A2CBDBBA}.Release|Any CPU.Build.0 = Release|Any CPU
	EndGlobalSection
	GlobalSection(SolutionProperties) = preSolution
		HideSolutionNode = FALSE
	EndGlobalSection
	GlobalSection(ExtensibilityGlobals) = postSolution
		SolutionGuid = {D98467B2-8157-42EA-AF9F-B28BC7DDD1E3}
	EndGlobalSection
EndGlobal
